// !$*UTF8*$!
{
	archiveVersion = 1;
	classes = {
	};
	objectVersion = 46;
	objects = {

/* Begin PBXBuildFile section */
		BFC8CE0A1AF67DB500BA9341 /* main.m in Sources */ = {isa = PBXBuildFile; fileRef = BFC8CE091AF67DB500BA9341 /* main.m */; };
		BFC8CE121AF6810300BA9341 /* student.m in Sources */ = {isa = PBXBuildFile; fileRef = BFC8CE111AF6810300BA9341 /* student.m */; };
/* End PBXBuildFile section */

/* Begin PBXCopyFilesBuildPhase section */
		BFC8CE041AF67DB500BA9341 /* CopyFiles */ = {
			isa = PBXCopyFilesBuildPhase;
			buildActionMask = 2147483647;
			dstPath = /usr/share/man/man1/;
			dstSubfolderSpec = 0;
			files = (
			);
			runOnlyForDeploymentPostprocessing = 1;
		};
/* End PBXCopyFilesBuildPhase section */

/* Begin PBXFileReference section */
		BFC8CE061AF67DB500BA9341 /* the first oc */ = {isa = PBXFileReference; explicitFileType = "compiled.mach-o.executable"; includeInIndex = 0; path = "the first oc"; sourceTree = BUILT_PRODUCTS_DIR; };
		BFC8CE091AF67DB500BA9341 /* main.m */ = {isa = PBXFileReference; lastKnownFileType = sourcecode.c.objc; path = main.m; sourceTree = "<group>"; };
		BFC8CE101AF6810300BA9341 /* student.h */ = {isa = PBXFileReference; fileEncoding = 4; lastKnownFileType = sourcecode.c.h; path = student.h; sourceTree = "<group>"; };
		BFC8CE111AF6810300BA9341 /* student.m */ = {isa = PBXFileReference; fileEncoding = 4; lastKnownFileType = sourcecode.c.objc; path = student.m; sourceTree = "<group>"; };
/* End PBXFileReference section */

/* Begin PBXFrameworksBuildPhase section */
		BFC8CE031AF67DB500BA9341 /* Frameworks */ = {
			isa = PBXFrameworksBuildPhase;
			buildActionMask = 2147483647;
			files = (
			);
			runOnlyForDeploymentPostprocessing = 0;
		};
/* End PBXFrameworksBuildPhase section */

/* Begin PBXGroup section */
		BFC8CDFD1AF67DB500BA9341 = {
			isa = PBXGroup;
			children = (
				BFC8CE081AF67DB500BA9341 /* the first oc */,
				BFC8CE071AF67DB500BA9341 /* Products */,
			);
			sourceTree = "<group>";
		};
		BFC8CE071AF67DB500BA9341 /* Products */ = {
			isa = PBXGroup;
			children = (
				BFC8CE061AF67DB500BA9341 /* the first oc */,
			);
			name = Products;
			sourceTree = "<group>";
		};
		BFC8CE081AF67DB500BA9341 /* the first oc */ = {
			isa = PBXGroup;
			children = (
				BFC8CE091AF67DB500BA9341 /* main.m */,
				BFC8CE101AF6810300BA9341 /* student.h */,
				BFC8CE111AF6810300BA9341 /* student.m */,
			);
			path = "the first oc";
			sourceTree = "<group>";
		};
/* End PBXGroup section */

/* Begin PBXNativeTarget section */
		BFC8CE051AF67DB500BA9341 /* the first oc */ = {
			isa = PBXNativeTarget;
			buildConfigurationList = BFC8CE0D1AF67DB500BA9341 /* Build configuration list for PBXNativeTarget "the first oc" */;
			buildPhases = (
				BFC8CE021AF67DB500BA9341 /* Sources */,
				BFC8CE031AF67DB500BA9341 /* Frameworks */,
				BFC8CE041AF67DB500BA9341 /* CopyFiles */,
			);
			buildRules = (
			);
			dependencies = (
			);
			name = "the first oc";
			productName = "the first oc";
			productReference = BFC8CE061AF67DB500BA9341 /* the first oc */;
			productType = "com.apple.product-type.tool";
		};
/* End PBXNativeTarget section */

/* Begin PBXProject section */
		BFC8CDFE1AF67DB500BA9341 /* Project object */ = {
			isa = PBXProject;
			attributes = {
				LastUpgradeCheck = 0630;
				ORGANIZATIONNAME = louis;
				TargetAttributes = {
					BFC8CE051AF67DB500BA9341 = {
						CreatedOnToolsVersion = 6.3.1;
					};
				};
			};
			buildConfigurationList = BFC8CE011AF67DB500BA9341 /* Build configuration list for PBXProject "the first oc" */;
			compatibilityVersion = "Xcode 3.2";
			developmentRegion = English;
			hasScannedForEncodings = 0;
			knownRegions = (
				en,
			);
			mainGroup = BFC8CDFD1AF67DB500BA9341;
			productRefGroup = BFC8CE071AF67DB500BA9341 /* Products */;
			projectDirPath = "";
			projectRoot = "";
			targets = (
				BFC8CE051AF67DB500BA9341 /* the first oc */,
			);
		};
/* End PBXProject section */

/* Begin PBXSourcesBuildPhase section */
		BFC8CE021AF67DB500BA9341 /* Sources */ = {
			isa = PBXSourcesBuildPhase;
			buildActionMask = 2147483647;
			files = (
				BFC8CE0A1AF67DB500BA9341 /* main.m in Sources */,
				BFC8CE121AF6810300BA9341 /* student.m in Sources */,
			);
			runOnlyForDeploymentPostprocessing = 0;
		};
/* End PBXSourcesBuildPhase section */

/* Begin XCBuildConfiguration section */
		BFC8CE0B1AF67DB500BA9341 /* Debug */ = {
			isa = XCBuildConfiguration;
			buildSettings = {
				ALWAYS_SEARCH_USER_PATHS = NO;
				CLANG_CXX_LANGUAGE_STANDARD = "gnu++0x";
				CLANG_CXX_LIBRARY = "libc++";
				CLANG_ENABLE_MODULES = YES;
				CLANG_ENABLE_OBJC_ARC = YES;
				CLANG_WARN_BOOL_CONVERSION = YES;
				CLANG_WARN_CONSTANT_CONVERSION = YES;
				CLANG_WARN_DIRECT_OBJC_ISA_USAGE = YES_ERROR;
				CLANG_WARN_EMPTY_BODY = YES;
				CLANG_WARN_ENUM_CONVERSION = YES;
				CLANG_WARN_INT_CONVERSION = YES;
				CLANG_WARN_OBJC_ROOT_CLASS = YES_ERROR;
				CLANG_WARN_UNREACHABLE_CODE = YES;
				CLANG_WARN__DUPLICATE_METHOD_MATCH = YES;
				COPY_PHASE_STRIP = NO;
				DEBUG_INFORMATION_FORMAT = dwarf;
				ENABLE_STRICT_OBJC_MSGSEND = YES;
				GCC_C_LANGUAGE_STANDARD = gnu99;
				GCC_DYNAMIC_NO_PIC = NO;
				GCC_NO_COMMON_BLOCKS = YES;
				GCC_OPTIMIZATION_LEVEL = 0;
				GCC_PREPROCESSOR_DEFINITIONS = (
					"DEBUG=1",
					"$(inherited)",
				);
				GCC_SYMBOLS_PRIVATE_EXTERN = NO;
				GCC_WARN_64_TO_32_BIT_CONVERSION = YES;
				GCC_WARN_ABOUT_RETURN_TYPE = YES_ERROR;
				GCC_WARN_UNDECLARED_SELECTOR = YES;
				GCC_WARN_UNINITIALIZED_AUTOS = YES_AGGRESSIVE;
				GCC_WARN_UNUSED_FUNCTION = YES;
				GCC_WARN_UNUSED_VARIABLE = YES;
				MACOSX_DEPLOYMENT_TARGET = 10.10;
				MTL_ENABLE_DEBUG_INFO = YES;
				ONLY_ACTIVE_ARCH = YES;
				SDKROOT = macosx;
			};
			name = Debug;
		};
		BFC8CE0C1AF67DB500BA9341 /* Release */ = {
			isa = XCBuildConfiguration;
			buildSettings = {
				ALWAYS_SEARCH_USER_PATHS = NO;
				CLANG_CXX_LANGUAGE_STANDARD = "gnu++0x";
				CLANG_CXX_LIBRARY = "libc++";
				CLANG_ENABLE_MODULES = YES;
				CLANG_ENABLE_OBJC_ARC = YES;
				CLANG_WARN_BOOL_CONVERSION = YES;
				CLANG_WARN_CONSTANT_CONVERSION = YES;
				CLANG_WARN_DIRECT_OBJC_ISA_USAGE = YES_ERROR;
				CLANG_WARN_EMPTY_BODY = YES;
				CLANG_WARN_ENUM_CONVERSION = YES;
				CLANG_WARN_INT_CONVERSION = YES;
				CLANG_WARN_OBJC_ROOT_CLASS = YES_ERROR;
				CLANG_WARN_UNREACHABLE_CODE = YES;
				CLANG_WARN__DUPLICATE_METHOD_MATCH = YES;
				COPY_PHASE_STRIP = NO;
				DEBUG_INFORMATION_FORMAT = "dwarf-with-dsym";
				ENABLE_NS_ASSERTIONS = NO;
				ENABLE_STRICT_OBJC_MSGSEND = YES;
				GCC_C_LANGUAGE_STANDARD = gnu99;
				GCC_NO_COMMON_BLOCKS = YES;
				GCC_WARN_64_TO_32_BIT_CONVERSION = YES;
				GCC_WARN_ABOUT_RETURN_TYPE = YES_ERROR;
				GCC_WARN_UNDECLARED_SELECTOR = YES;
				GCC_WARN_UNINITIALIZED_AUTOS = YES_AGGRESSIVE;
				GCC_WARN_UNUSED_FUNCTION = YES;
				GCC_WARN_UNUSED_VARIABLE = YES;
				MACOSX_DEPLOYMENT_TARGET = 10.10;
				MTL_ENABLE_DEBUG_INFO = NO;
				SDKROOT = macosx;
			};
			name = Release;
		};
		BFC8CE0E1AF67DB500BA9341 /* Debug */ = {
			isa = XCBuildConfiguration;
			buildSettings = {
				CLANG_ENABLE_OBJC_ARC = NO;
				PRODUCT_NAME = "$(TARGET_NAME)";
			};
			name = Debug;
		};
		BFC8CE0F1AF67DB500BA9341 /* Release */ = {
			isa = XCBuildConfiguration;
			buildSettings = {
				CLANG_ENABLE_OBJC_ARC = NO;
				PRODUCT_NAME = "$(TARGET_NAME)";
			};
			name = Release;
		};
/* End XCBuildConfiguration section */

/* Begin XCConfigurationList section */
		BFC8CE011AF67DB500BA9341 /* Build configuration list for PBXProject "the first oc" */ = {
			isa = XCConfigurationList;
			buildConfigurations = (
				BFC8CE0B1AF67DB500BA9341 /* Debug */,
				BFC8CE0C1AF67DB500BA9341 /* Release */,
			);
			defaultConfigurationIsVisible = 0;
			defaultConfigurationName = Release;
		};
		BFC8CE0D1AF67DB500BA9341 /* Build configuration list for PBXNativeTarget "the first oc" */ = {
			isa = XCConfigurationList;
			buildConfigurations = (
				BFC8CE0E1AF67DB500BA9341 /* Debug */,
				BFC8CE0F1AF67DB500BA9341 /* Release */,
			);
			defaultConfigurationIsVisible = 0;
		};
/* End XCConfigurationList section */
	};
	rootObject = BFC8CDFE1AF67DB500BA9341 /* Project object */;
}
